
Microsoft Visual Studio Solution File, Format Version 12.00
# Visual Studio Version 17
VisualStudioVersion = 17.7.34024.191
MinimumVisualStudioVersion = 10.0.40219.1
Project("{2150E333-8FDC-42A3-9474-1A3956D46DE8}") = "Src", "Src", "{B5858B4A-B79C-4305-B983-7653B01F66C7}"
EndProject
Project("{2150E333-8FDC-42A3-9474-1A3956D46DE8}") = "Test", "Test", "{93527152-B35B-462F-80A9-FAB9E0E99F7B}"
EndProject
Project("{2150E333-8FDC-42A3-9474-1A3956D46DE8}") = "Shared", "Shared", "{95C17D47-4E9C-4DB1-885F-4A5AFA60A04C}"
EndProject
Project("{2150E333-8FDC-42A3-9474-1A3956D46DE8}") = "Sample", "Sample", "{D4B3D20D-7110-47D0-8D45-0D062F46CA45}"
EndProject
Project("{2150E333-8FDC-42A3-9474-1A3956D46DE8}") = "Infra", "Infra", "{8565F058-A7E9-44F5-93BF-FFF2FE4F08D1}"
EndProject
Project("{2150E333-8FDC-42A3-9474-1A3956D46DE8}") = "Core", "Core", "{B47AAC2A-6C5D-44E0-A6DC-64E103976E35}"
EndProject
Project("{2150E333-8FDC-42A3-9474-1A3956D46DE8}") = "EndPoints", "EndPoints", "{F7566D24-8D42-42CC-B299-CCFCF7B0776D}"
EndProject
Project("{FAE04EC0-301F-11D3-BF4B-00C04F79EFBC}") = "Shared.Utilities", "Src\Shared\Shared.Utilities\Shared.Utilities\Shared.Utilities.csproj", "{F6CFBB85-C6BB-41FE-9CC2-CBCBE96104DF}"
EndProject
Project("{FAE04EC0-301F-11D3-BF4B-00C04F79EFBC}") = "Base.Core.Domain", "Src\Core\Base.Core.Domain\Base.Core.Domain\Base.Core.Domain.csproj", "{92E127DE-F549-4B87-9F89-94059061F331}"
EndProject
Project("{FAE04EC0-301F-11D3-BF4B-00C04F79EFBC}") = "Base.Core.ApplicationService", "Src\Core\Base.Core.ApplicationService\Base.Core.ApplicationService\Base.Core.ApplicationService.csproj", "{2A13A758-5D14-4F3C-8EBC-140ABB91F713}"
EndProject
Project("{FAE04EC0-301F-11D3-BF4B-00C04F79EFBC}") = "Base.Core.Contract", "Src\Core\Base.Core.Contract\Base.Core.Contract\Base.Core.Contract.csproj", "{A7035A2D-9CF9-4D75-867B-ED88932BDCCA}"
EndProject
Project("{2150E333-8FDC-42A3-9474-1A3956D46DE8}") = "Data", "Data", "{3D324E82-AA8D-48E4-9D74-4EF43A2B2949}"
EndProject
Project("{FAE04EC0-301F-11D3-BF4B-00C04F79EFBC}") = "Infra.Data.Sql.Command", "Src\Infra\Infra.Data.Sql.Command\Infra.Data.Sql.Command\Infra.Data.Sql.Command.csproj", "{E7C80704-FE70-4754-B3DF-1CA41B900458}"
EndProject
Project("{FAE04EC0-301F-11D3-BF4B-00C04F79EFBC}") = "Infra.Data.Sql.Query", "Src\Infra\Infra.Data.Sql.Query\Infra.Data.Sql.Query\Infra.Data.Sql.Query.csproj", "{6C7BB9D3-3EA5-412D-89A6-EE3AA4A8E954}"
EndProject
Global
	GlobalSection(SolutionConfigurationPlatforms) = preSolution
		Debug|Any CPU = Debug|Any CPU
		Release|Any CPU = Release|Any CPU
	EndGlobalSection
	GlobalSection(ProjectConfigurationPlatforms) = postSolution
		{F6CFBB85-C6BB-41FE-9CC2-CBCBE96104DF}.Debug|Any CPU.ActiveCfg = Debug|Any CPU
		{F6CFBB85-C6BB-41FE-9CC2-CBCBE96104DF}.Debug|Any CPU.Build.0 = Debug|Any CPU
		{F6CFBB85-C6BB-41FE-9CC2-CBCBE96104DF}.Release|Any CPU.ActiveCfg = Release|Any CPU
		{F6CFBB85-C6BB-41FE-9CC2-CBCBE96104DF}.Release|Any CPU.Build.0 = Release|Any CPU
		{92E127DE-F549-4B87-9F89-94059061F331}.Debug|Any CPU.ActiveCfg = Debug|Any CPU
		{92E127DE-F549-4B87-9F89-94059061F331}.Debug|Any CPU.Build.0 = Debug|Any CPU
		{92E127DE-F549-4B87-9F89-94059061F331}.Release|Any CPU.ActiveCfg = Release|Any CPU
		{92E127DE-F549-4B87-9F89-94059061F331}.Release|Any CPU.Build.0 = Release|Any CPU
		{2A13A758-5D14-4F3C-8EBC-140ABB91F713}.Debug|Any CPU.ActiveCfg = Debug|Any CPU
		{2A13A758-5D14-4F3C-8EBC-140ABB91F713}.Debug|Any CPU.Build.0 = Debug|Any CPU
		{2A13A758-5D14-4F3C-8EBC-140ABB91F713}.Release|Any CPU.ActiveCfg = Release|Any CPU
		{2A13A758-5D14-4F3C-8EBC-140ABB91F713}.Release|Any CPU.Build.0 = Release|Any CPU
		{A7035A2D-9CF9-4D75-867B-ED88932BDCCA}.Debug|Any CPU.ActiveCfg = Debug|Any CPU
		{A7035A2D-9CF9-4D75-867B-ED88932BDCCA}.Debug|Any CPU.Build.0 = Debug|Any CPU
		{A7035A2D-9CF9-4D75-867B-ED88932BDCCA}.Release|Any CPU.ActiveCfg = Release|Any CPU
		{A7035A2D-9CF9-4D75-867B-ED88932BDCCA}.Release|Any CPU.Build.0 = Release|Any CPU
		{E7C80704-FE70-4754-B3DF-1CA41B900458}.Debug|Any CPU.ActiveCfg = Debug|Any CPU
		{E7C80704-FE70-4754-B3DF-1CA41B900458}.Debug|Any CPU.Build.0 = Debug|Any CPU
		{E7C80704-FE70-4754-B3DF-1CA41B900458}.Release|Any CPU.ActiveCfg = Release|Any CPU
		{E7C80704-FE70-4754-B3DF-1CA41B900458}.Release|Any CPU.Build.0 = Release|Any CPU
		{6C7BB9D3-3EA5-412D-89A6-EE3AA4A8E954}.Debug|Any CPU.ActiveCfg = Debug|Any CPU
		{6C7BB9D3-3EA5-412D-89A6-EE3AA4A8E954}.Debug|Any CPU.Build.0 = Debug|Any CPU
		{6C7BB9D3-3EA5-412D-89A6-EE3AA4A8E954}.Release|Any CPU.ActiveCfg = Release|Any CPU
		{6C7BB9D3-3EA5-412D-89A6-EE3AA4A8E954}.Release|Any CPU.Build.0 = Release|Any CPU
	EndGlobalSection
	GlobalSection(SolutionProperties) = preSolution
		HideSolutionNode = FALSE
	EndGlobalSection
	GlobalSection(NestedProjects) = preSolution
		{95C17D47-4E9C-4DB1-885F-4A5AFA60A04C} = {B5858B4A-B79C-4305-B983-7653B01F66C7}
		{8565F058-A7E9-44F5-93BF-FFF2FE4F08D1} = {B5858B4A-B79C-4305-B983-7653B01F66C7}
		{B47AAC2A-6C5D-44E0-A6DC-64E103976E35} = {B5858B4A-B79C-4305-B983-7653B01F66C7}
		{F7566D24-8D42-42CC-B299-CCFCF7B0776D} = {B5858B4A-B79C-4305-B983-7653B01F66C7}
		{F6CFBB85-C6BB-41FE-9CC2-CBCBE96104DF} = {95C17D47-4E9C-4DB1-885F-4A5AFA60A04C}
		{92E127DE-F549-4B87-9F89-94059061F331} = {B47AAC2A-6C5D-44E0-A6DC-64E103976E35}
		{2A13A758-5D14-4F3C-8EBC-140ABB91F713} = {B47AAC2A-6C5D-44E0-A6DC-64E103976E35}
		{A7035A2D-9CF9-4D75-867B-ED88932BDCCA} = {B47AAC2A-6C5D-44E0-A6DC-64E103976E35}
		{3D324E82-AA8D-48E4-9D74-4EF43A2B2949} = {8565F058-A7E9-44F5-93BF-FFF2FE4F08D1}
		{E7C80704-FE70-4754-B3DF-1CA41B900458} = {3D324E82-AA8D-48E4-9D74-4EF43A2B2949}
		{6C7BB9D3-3EA5-412D-89A6-EE3AA4A8E954} = {3D324E82-AA8D-48E4-9D74-4EF43A2B2949}
	EndGlobalSection
	GlobalSection(ExtensibilityGlobals) = postSolution
		SolutionGuid = {440B04FD-ABE7-4746-A06A-DC5817382FD8}
	EndGlobalSection
EndGlobal
